
Microsoft Visual Studio Solution File, Format Version 12.00
# Visual Studio 14
VisualStudioVersion = 14.0.23107.0
MinimumVisualStudioVersion = 10.0.40219.1
Project("{8BC9CEB8-8B4A-11D0-8D11-00A0C91BC942}") = "sqlite3", "lib\sqlite3\sqlite3\sqlite3.vcxproj", "{A1BBE854-5075-4BE9-9D38-73E6F89C4055}"
EndProject
Project("{8BC9CEB8-8B4A-11D0-8D11-00A0C91BC942}") = "lua5", "lib\lua5\lua5\lua5.vcxproj", "{C0B8F17C-C74C-462A-A788-386DDCACD30F}"
EndProject
Project("{8BC9CEB8-8B4A-11D0-8D11-00A0C91BC942}") = "libconfig", "lib\libconfig\libconfig\libconfig.vcxproj", "{285D17AF-BEB1-49F8-887A-602D4FCAA326}"
EndProject
Project("{8BC9CEB8-8B4A-11D0-8D11-00A0C91BC942}") = "ic", "src\ic.vcxproj", "{50B29F90-DF38-4797-8289-8C005D2FA3FC}"
	ProjectSection(ProjectDependencies) = postProject
		{A1BBE854-5075-4BE9-9D38-73E6F89C4055} = {A1BBE854-5075-4BE9-9D38-73E6F89C4055}
		{C0B8F17C-C74C-462A-A788-386DDCACD30F} = {C0B8F17C-C74C-462A-A788-386DDCACD30F}
		{FE15D3AF-62E5-4088-AC35-2C266AE39FEB} = {FE15D3AF-62E5-4088-AC35-2C266AE39FEB}
		{70875BE3-0FE4-443A-9CD0-E6669DE8E70F} = {70875BE3-0FE4-443A-9CD0-E6669DE8E70F}
	EndProjectSection
EndProject
Project("{8BC9CEB8-8B4A-11D0-8D11-00A0C91BC942}") = "db", "src\db.vcxproj", "{E6F756BD-7A5B-42EE-926A-08800C5775A7}"
	ProjectSection(ProjectDependencies) = postProject
		{A1BBE854-5075-4BE9-9D38-73E6F89C4055} = {A1BBE854-5075-4BE9-9D38-73E6F89C4055}
		{C0B8F17C-C74C-462A-A788-386DDCACD30F} = {C0B8F17C-C74C-462A-A788-386DDCACD30F}
		{285D17AF-BEB1-49F8-887A-602D4FCAA326} = {285D17AF-BEB1-49F8-887A-602D4FCAA326}
		{FE15D3AF-62E5-4088-AC35-2C266AE39FEB} = {FE15D3AF-62E5-4088-AC35-2C266AE39FEB}
		{70875BE3-0FE4-443A-9CD0-E6669DE8E70F} = {70875BE3-0FE4-443A-9CD0-E6669DE8E70F}
	EndProjectSection
EndProject
Project("{8BC9CEB8-8B4A-11D0-8D11-00A0C91BC942}") = "librbt", "lib\librbt\librbt.vcxproj", "{FE15D3AF-62E5-4088-AC35-2C266AE39FEB}"
EndProject
Project("{8BC9CEB8-8B4A-11D0-8D11-00A0C91BC942}") = "libsort", "lib\libsort\libsort.vcxproj", "{70875BE3-0FE4-443A-9CD0-E6669DE8E70F}"
EndProject
Global
	GlobalSection(SolutionConfigurationPlatforms) = preSolution
		Debug (MTd)|x64 = Debug (MTd)|x64
		Debug (MTd)|x86 = Debug (MTd)|x86
		Debug|x64 = Debug|x64
		Debug|x86 = Debug|x86
		Release (MT)|x64 = Release (MT)|x64
		Release (MT)|x86 = Release (MT)|x86
		Release|x64 = Release|x64
		Release|x86 = Release|x86
	EndGlobalSection
	GlobalSection(ProjectConfigurationPlatforms) = postSolution
		{A1BBE854-5075-4BE9-9D38-73E6F89C4055}.Debug (MTd)|x64.ActiveCfg = Debug|x64
		{A1BBE854-5075-4BE9-9D38-73E6F89C4055}.Debug (MTd)|x64.Build.0 = Debug|x64
		{A1BBE854-5075-4BE9-9D38-73E6F89C4055}.Debug (MTd)|x86.ActiveCfg = Debug|Win32
		{A1BBE854-5075-4BE9-9D38-73E6F89C4055}.Debug (MTd)|x86.Build.0 = Debug|Win32
		{A1BBE854-5075-4BE9-9D38-73E6F89C4055}.Debug|x64.ActiveCfg = Debug|x64
		{A1BBE854-5075-4BE9-9D38-73E6F89C4055}.Debug|x64.Build.0 = Debug|x64
		{A1BBE854-5075-4BE9-9D38-73E6F89C4055}.Debug|x86.ActiveCfg = Debug|Win32
		{A1BBE854-5075-4BE9-9D38-73E6F89C4055}.Debug|x86.Build.0 = Debug|Win32
		{A1BBE854-5075-4BE9-9D38-73E6F89C4055}.Release (MT)|x64.ActiveCfg = Release|x64
		{A1BBE854-5075-4BE9-9D38-73E6F89C4055}.Release (MT)|x64.Build.0 = Release|x64
		{A1BBE854-5075-4BE9-9D38-73E6F89C4055}.Release (MT)|x86.ActiveCfg = Release|Win32
		{A1BBE854-5075-4BE9-9D38-73E6F89C4055}.Release (MT)|x86.Build.0 = Release|Win32
		{A1BBE854-5075-4BE9-9D38-73E6F89C4055}.Release|x64.ActiveCfg = Release|x64
		{A1BBE854-5075-4BE9-9D38-73E6F89C4055}.Release|x64.Build.0 = Release|x64
		{A1BBE854-5075-4BE9-9D38-73E6F89C4055}.Release|x86.ActiveCfg = Release|Win32
		{A1BBE854-5075-4BE9-9D38-73E6F89C4055}.Release|x86.Build.0 = Release|Win32
		{C0B8F17C-C74C-462A-A788-386DDCACD30F}.Debug (MTd)|x64.ActiveCfg = Debug|x64
		{C0B8F17C-C74C-462A-A788-386DDCACD30F}.Debug (MTd)|x64.Build.0 = Debug|x64
		{C0B8F17C-C74C-462A-A788-386DDCACD30F}.Debug (MTd)|x86.ActiveCfg = Debug|Win32
		{C0B8F17C-C74C-462A-A788-386DDCACD30F}.Debug (MTd)|x86.Build.0 = Debug|Win32
		{C0B8F17C-C74C-462A-A788-386DDCACD30F}.Debug|x64.ActiveCfg = Debug|x64
		{C0B8F17C-C74C-462A-A788-386DDCACD30F}.Debug|x64.Build.0 = Debug|x64
		{C0B8F17C-C74C-462A-A788-386DDCACD30F}.Debug|x86.ActiveCfg = Debug|Win32
		{C0B8F17C-C74C-462A-A788-386DDCACD30F}.Debug|x86.Build.0 = Debug|Win32
		{C0B8F17C-C74C-462A-A788-386DDCACD30F}.Release (MT)|x64.ActiveCfg = Release|x64
		{C0B8F17C-C74C-462A-A788-386DDCACD30F}.Release (MT)|x64.Build.0 = Release|x64
		{C0B8F17C-C74C-462A-A788-386DDCACD30F}.Release (MT)|x86.ActiveCfg = Release|Win32
		{C0B8F17C-C74C-462A-A788-386DDCACD30F}.Release (MT)|x86.Build.0 = Release|Win32
		{C0B8F17C-C74C-462A-A788-386DDCACD30F}.Release|x64.ActiveCfg = Release|x64
		{C0B8F17C-C74C-462A-A788-386DDCACD30F}.Release|x64.Build.0 = Release|x64
		{C0B8F17C-C74C-462A-A788-386DDCACD30F}.Release|x86.ActiveCfg = Release|Win32
		{C0B8F17C-C74C-462A-A788-386DDCACD30F}.Release|x86.Build.0 = Release|Win32
		{285D17AF-BEB1-49F8-887A-602D4FCAA326}.Debug (MTd)|x64.ActiveCfg = Debug|x64
		{285D17AF-BEB1-49F8-887A-602D4FCAA326}.Debug (MTd)|x64.Build.0 = Debug|x64
		{285D17AF-BEB1-49F8-887A-602D4FCAA326}.Debug (MTd)|x86.ActiveCfg = Debug|Win32
		{285D17AF-BEB1-49F8-887A-602D4FCAA326}.Debug (MTd)|x86.Build.0 = Debug|Win32
		{285D17AF-BEB1-49F8-887A-602D4FCAA326}.Debug|x64.ActiveCfg = Debug|x64
		{285D17AF-BEB1-49F8-887A-602D4FCAA326}.Debug|x64.Build.0 = Debug|x64
		{285D17AF-BEB1-49F8-887A-602D4FCAA326}.Debug|x86.ActiveCfg = Debug|Win32
		{285D17AF-BEB1-49F8-887A-602D4FCAA326}.Debug|x86.Build.0 = Debug|Win32
		{285D17AF-BEB1-49F8-887A-602D4FCAA326}.Release (MT)|x64.ActiveCfg = Release|x64
		{285D17AF-BEB1-49F8-887A-602D4FCAA326}.Release (MT)|x64.Build.0 = Release|x64
		{285D17AF-BEB1-49F8-887A-602D4FCAA326}.Release (MT)|x86.ActiveCfg = Release|Win32
		{285D17AF-BEB1-49F8-887A-602D4FCAA326}.Release (MT)|x86.Build.0 = Release|Win32
		{285D17AF-BEB1-49F8-887A-602D4FCAA326}.Release|x64.ActiveCfg = Release|x64
		{285D17AF-BEB1-49F8-887A-602D4FCAA326}.Release|x64.Build.0 = Release|x64
		{285D17AF-BEB1-49F8-887A-602D4FCAA326}.Release|x86.ActiveCfg = Release|Win32
		{285D17AF-BEB1-49F8-887A-602D4FCAA326}.Release|x86.Build.0 = Release|Win32
		{50B29F90-DF38-4797-8289-8C005D2FA3FC}.Debug (MTd)|x64.ActiveCfg = Debug|x64
		{50B29F90-DF38-4797-8289-8C005D2FA3FC}.Debug (MTd)|x64.Build.0 = Debug|x64
		{50B29F90-DF38-4797-8289-8C005D2FA3FC}.Debug (MTd)|x86.ActiveCfg = Debug|Win32
		{50B29F90-DF38-4797-8289-8C005D2FA3FC}.Debug (MTd)|x86.Build.0 = Debug|Win32
		{50B29F90-DF38-4797-8289-8C005D2FA3FC}.Debug|x64.ActiveCfg = Debug|x64
		{50B29F90-DF38-4797-8289-8C005D2FA3FC}.Debug|x64.Build.0 = Debug|x64
		{50B29F90-DF38-4797-8289-8C005D2FA3FC}.Debug|x86.ActiveCfg = Debug|Win32
		{50B29F90-DF38-4797-8289-8C005D2FA3FC}.Debug|x86.Build.0 = Debug|Win32
		{50B29F90-DF38-4797-8289-8C005D2FA3FC}.Release (MT)|x64.ActiveCfg = Release|x64
		{50B29F90-DF38-4797-8289-8C005D2FA3FC}.Release (MT)|x64.Build.0 = Release|x64
		{50B29F90-DF38-4797-8289-8C005D2FA3FC}.Release (MT)|x86.ActiveCfg = Release|Win32
		{50B29F90-DF38-4797-8289-8C005D2FA3FC}.Release (MT)|x86.Build.0 = Release|Win32
		{50B29F90-DF38-4797-8289-8C005D2FA3FC}.Release|x64.ActiveCfg = Release|x64
		{50B29F90-DF38-4797-8289-8C005D2FA3FC}.Release|x64.Build.0 = Release|x64
		{50B29F90-DF38-4797-8289-8C005D2FA3FC}.Release|x86.ActiveCfg = Release|Win32
		{50B29F90-DF38-4797-8289-8C005D2FA3FC}.Release|x86.Build.0 = Release|Win32
		{E6F756BD-7A5B-42EE-926A-08800C5775A7}.Debug (MTd)|x64.ActiveCfg = Debug|x64
		{E6F756BD-7A5B-42EE-926A-08800C5775A7}.Debug (MTd)|x64.Build.0 = Debug|x64
		{E6F756BD-7A5B-42EE-926A-08800C5775A7}.Debug (MTd)|x86.ActiveCfg = Debug|Win32
		{E6F756BD-7A5B-42EE-926A-08800C5775A7}.Debug (MTd)|x86.Build.0 = Debug|Win32
		{E6F756BD-7A5B-42EE-926A-08800C5775A7}.Debug|x64.ActiveCfg = Debug|x64
		{E6F756BD-7A5B-42EE-926A-08800C5775A7}.Debug|x64.Build.0 = Debug|x64
		{E6F756BD-7A5B-42EE-926A-08800C5775A7}.Debug|x86.ActiveCfg = Debug|Win32
		{E6F756BD-7A5B-42EE-926A-08800C5775A7}.Debug|x86.Build.0 = Debug|Win32
		{E6F756BD-7A5B-42EE-926A-08800C5775A7}.Release (MT)|x64.ActiveCfg = Release|x64
		{E6F756BD-7A5B-42EE-926A-08800C5775A7}.Release (MT)|x64.Build.0 = Release|x64
		{E6F756BD-7A5B-42EE-926A-08800C5775A7}.Release (MT)|x86.ActiveCfg = Release|Win32
		{E6F756BD-7A5B-42EE-926A-08800C5775A7}.Release (MT)|x86.Build.0 = Release|Win32
		{E6F756BD-7A5B-42EE-926A-08800C5775A7}.Release|x64.ActiveCfg = Release|x64
		{E6F756BD-7A5B-42EE-926A-08800C5775A7}.Release|x64.Build.0 = Release|x64
		{E6F756BD-7A5B-42EE-926A-08800C5775A7}.Release|x86.ActiveCfg = Release|Win32
		{E6F756BD-7A5B-42EE-926A-08800C5775A7}.Release|x86.Build.0 = Release|Win32
		{FE15D3AF-62E5-4088-AC35-2C266AE39FEB}.Debug (MTd)|x64.ActiveCfg = Debug (MTd)|x64
		{FE15D3AF-62E5-4088-AC35-2C266AE39FEB}.Debug (MTd)|x64.Build.0 = Debug (MTd)|x64
		{FE15D3AF-62E5-4088-AC35-2C266AE39FEB}.Debug (MTd)|x86.ActiveCfg = Debug (MTd)|Win32
		{FE15D3AF-62E5-4088-AC35-2C266AE39FEB}.Debug (MTd)|x86.Build.0 = Debug (MTd)|Win32
		{FE15D3AF-62E5-4088-AC35-2C266AE39FEB}.Debug|x64.ActiveCfg = Debug (MTd)|x64
		{FE15D3AF-62E5-4088-AC35-2C266AE39FEB}.Debug|x64.Build.0 = Debug (MTd)|x64
		{FE15D3AF-62E5-4088-AC35-2C266AE39FEB}.Debug|x86.ActiveCfg = Debug (MTd)|Win32
		{FE15D3AF-62E5-4088-AC35-2C266AE39FEB}.Debug|x86.Build.0 = Debug (MTd)|Win32
		{FE15D3AF-62E5-4088-AC35-2C266AE39FEB}.Release (MT)|x64.ActiveCfg = Release (MT)|x64
		{FE15D3AF-62E5-4088-AC35-2C266AE39FEB}.Release (MT)|x64.Build.0 = Release (MT)|x64
		{FE15D3AF-62E5-4088-AC35-2C266AE39FEB}.Release (MT)|x86.ActiveCfg = Release (MT)|Win32
		{FE15D3AF-62E5-4088-AC35-2C266AE39FEB}.Release (MT)|x86.Build.0 = Release (MT)|Win32
		{FE15D3AF-62E5-4088-AC35-2C266AE39FEB}.Release|x64.ActiveCfg = Release (MT)|x64
		{FE15D3AF-62E5-4088-AC35-2C266AE39FEB}.Release|x64.Build.0 = Release (MT)|x64
		{FE15D3AF-62E5-4088-AC35-2C266AE39FEB}.Release|x86.ActiveCfg = Release (MT)|Win32
		{FE15D3AF-62E5-4088-AC35-2C266AE39FEB}.Release|x86.Build.0 = Release (MT)|Win32
		{70875BE3-0FE4-443A-9CD0-E6669DE8E70F}.Debug (MTd)|x64.ActiveCfg = Debug (MTd)|x64
		{70875BE3-0FE4-443A-9CD0-E6669DE8E70F}.Debug (MTd)|x64.Build.0 = Debug (MTd)|x64
		{70875BE3-0FE4-443A-9CD0-E6669DE8E70F}.Debug (MTd)|x86.ActiveCfg = Debug (MTd)|Win32
		{70875BE3-0FE4-443A-9CD0-E6669DE8E70F}.Debug (MTd)|x86.Build.0 = Debug (MTd)|Win32
		{70875BE3-0FE4-443A-9CD0-E6669DE8E70F}.Debug|x64.ActiveCfg = Debug (MTd)|x64
		{70875BE3-0FE4-443A-9CD0-E6669DE8E70F}.Debug|x64.Build.0 = Debug (MTd)|x64
		{70875BE3-0FE4-443A-9CD0-E6669DE8E70F}.Debug|x86.ActiveCfg = Debug (MTd)|Win32
		{70875BE3-0FE4-443A-9CD0-E6669DE8E70F}.Debug|x86.Build.0 = Debug (MTd)|Win32
		{70875BE3-0FE4-443A-9CD0-E6669DE8E70F}.Release (MT)|x64.ActiveCfg = Release (MT)|x64
		{70875BE3-0FE4-443A-9CD0-E6669DE8E70F}.Release (MT)|x64.Build.0 = Release (MT)|x64
		{70875BE3-0FE4-443A-9CD0-E6669DE8E70F}.Release (MT)|x86.ActiveCfg = Release (MT)|Win32
		{70875BE3-0FE4-443A-9CD0-E6669DE8E70F}.Release (MT)|x86.Build.0 = Release (MT)|Win32
		{70875BE3-0FE4-443A-9CD0-E6669DE8E70F}.Release|x64.ActiveCfg = Release (MT)|x64
		{70875BE3-0FE4-443A-9CD0-E6669DE8E70F}.Release|x64.Build.0 = Release (MT)|x64
		{70875BE3-0FE4-443A-9CD0-E6669DE8E70F}.Release|x86.ActiveCfg = Release (MT)|Win32
		{70875BE3-0FE4-443A-9CD0-E6669DE8E70F}.Release|x86.Build.0 = Release (MT)|Win32
	EndGlobalSection
	GlobalSection(SolutionProperties) = preSolution
		HideSolutionNode = FALSE
	EndGlobalSection
EndGlobal
