
Microsoft Visual Studio Solution File, Format Version 12.00
# Visual Studio 14
VisualStudioVersion = 14.0.23107.0
MinimumVisualStudioVersion = 10.0.40219.1
Project("{8BC9CEB8-8B4A-11D0-8D11-00A0C91BC942}") = "itemc", "itemc.vcxproj", "{299D411D-1A93-47EC-B0F6-221D97AD4E0C}"
EndProject
Project("{8BC9CEB8-8B4A-11D0-8D11-00A0C91BC942}") = "lua5", "..\lua5\lua5.vcxproj", "{670FA1F3-B4C9-4C93-AA5B-17895A56CC77}"
EndProject
Project("{8BC9CEB8-8B4A-11D0-8D11-00A0C91BC942}") = "sqlite3", "..\sqlite3\sqlite3.vcxproj", "{574AFFAD-8D0F-48CB-BEEB-90B0B17EC208}"
EndProject
Project("{8BC9CEB8-8B4A-11D0-8D11-00A0C91BC942}") = "itemc_exe", "..\itemc_exe\itemc_exe.vcxproj", "{6658A434-0635-4BEF-9270-48920AFC9600}"
EndProject
Project("{8BC9CEB8-8B4A-11D0-8D11-00A0C91BC942}") = "itemc_test", "..\itemc_test\itemc_test.vcxproj", "{D548B64A-253B-4BD5-8770-5EACD97750FC}"
EndProject
Global
	GlobalSection(SolutionConfigurationPlatforms) = preSolution
		Debug|Win32 = Debug|Win32
		Release|Win32 = Release|Win32
	EndGlobalSection
	GlobalSection(ProjectConfigurationPlatforms) = postSolution
		{299D411D-1A93-47EC-B0F6-221D97AD4E0C}.Debug|Win32.ActiveCfg = Debug|Win32
		{299D411D-1A93-47EC-B0F6-221D97AD4E0C}.Debug|Win32.Build.0 = Debug|Win32
		{299D411D-1A93-47EC-B0F6-221D97AD4E0C}.Release|Win32.ActiveCfg = Release|Win32
		{299D411D-1A93-47EC-B0F6-221D97AD4E0C}.Release|Win32.Build.0 = Release|Win32
		{670FA1F3-B4C9-4C93-AA5B-17895A56CC77}.Debug|Win32.ActiveCfg = Debug|Win32
		{670FA1F3-B4C9-4C93-AA5B-17895A56CC77}.Debug|Win32.Build.0 = Debug|Win32
		{670FA1F3-B4C9-4C93-AA5B-17895A56CC77}.Release|Win32.ActiveCfg = Release|Win32
		{670FA1F3-B4C9-4C93-AA5B-17895A56CC77}.Release|Win32.Build.0 = Release|Win32
		{574AFFAD-8D0F-48CB-BEEB-90B0B17EC208}.Debug|Win32.ActiveCfg = Debug|Win32
		{574AFFAD-8D0F-48CB-BEEB-90B0B17EC208}.Debug|Win32.Build.0 = Debug|Win32
		{574AFFAD-8D0F-48CB-BEEB-90B0B17EC208}.Release|Win32.ActiveCfg = Release|Win32
		{574AFFAD-8D0F-48CB-BEEB-90B0B17EC208}.Release|Win32.Build.0 = Release|Win32
		{6658A434-0635-4BEF-9270-48920AFC9600}.Debug|Win32.ActiveCfg = Debug|Win32
		{6658A434-0635-4BEF-9270-48920AFC9600}.Debug|Win32.Build.0 = Debug|Win32
		{6658A434-0635-4BEF-9270-48920AFC9600}.Release|Win32.ActiveCfg = Release|Win32
		{6658A434-0635-4BEF-9270-48920AFC9600}.Release|Win32.Build.0 = Release|Win32
		{D548B64A-253B-4BD5-8770-5EACD97750FC}.Debug|Win32.ActiveCfg = Debug|Win32
		{D548B64A-253B-4BD5-8770-5EACD97750FC}.Debug|Win32.Build.0 = Debug|Win32
		{D548B64A-253B-4BD5-8770-5EACD97750FC}.Release|Win32.ActiveCfg = Release|Win32
		{D548B64A-253B-4BD5-8770-5EACD97750FC}.Release|Win32.Build.0 = Release|Win32
	EndGlobalSection
	GlobalSection(SolutionProperties) = preSolution
		HideSolutionNode = FALSE
	EndGlobalSection
EndGlobal
