
Microsoft Visual Studio Solution File, Format Version 12.00
# Visual Studio 14
VisualStudioVersion = 14.0.23107.0
MinimumVisualStudioVersion = 10.0.40219.1
Project("{8BC9CEB8-8B4A-11D0-8D11-00A0C91BC942}") = "dev.sql", "dev.sql\dev.sql.vcxproj", "{DCEE34FA-7A58-437A-8C28-DAD3C475CED5}"
	ProjectSection(ProjectDependencies) = postProject
		{574AFFAD-8D0F-48CB-BEEB-90B0B17EC208} = {574AFFAD-8D0F-48CB-BEEB-90B0B17EC208}
	EndProjectSection
EndProject
Project("{8BC9CEB8-8B4A-11D0-8D11-00A0C91BC942}") = "sqlite3", "..\..\proj\sqlite3\sqlite3.vcxproj", "{574AFFAD-8D0F-48CB-BEEB-90B0B17EC208}"
EndProject
Project("{8BC9CEB8-8B4A-11D0-8D11-00A0C91BC942}") = "libconfig", "..\..\proj\libconfig\libconfig.vcxproj", "{E0084B6A-7DFF-476A-80C5-6493A43A41A3}"
EndProject
Global
	GlobalSection(SolutionConfigurationPlatforms) = preSolution
		Debug|x64 = Debug|x64
		Debug|x86 = Debug|x86
		Release|x64 = Release|x64
		Release|x86 = Release|x86
	EndGlobalSection
	GlobalSection(ProjectConfigurationPlatforms) = postSolution
		{DCEE34FA-7A58-437A-8C28-DAD3C475CED5}.Debug|x64.ActiveCfg = Debug|x64
		{DCEE34FA-7A58-437A-8C28-DAD3C475CED5}.Debug|x64.Build.0 = Debug|x64
		{DCEE34FA-7A58-437A-8C28-DAD3C475CED5}.Debug|x86.ActiveCfg = Debug|Win32
		{DCEE34FA-7A58-437A-8C28-DAD3C475CED5}.Debug|x86.Build.0 = Debug|Win32
		{DCEE34FA-7A58-437A-8C28-DAD3C475CED5}.Release|x64.ActiveCfg = Release|x64
		{DCEE34FA-7A58-437A-8C28-DAD3C475CED5}.Release|x64.Build.0 = Release|x64
		{DCEE34FA-7A58-437A-8C28-DAD3C475CED5}.Release|x86.ActiveCfg = Release|Win32
		{DCEE34FA-7A58-437A-8C28-DAD3C475CED5}.Release|x86.Build.0 = Release|Win32
		{574AFFAD-8D0F-48CB-BEEB-90B0B17EC208}.Debug|x64.ActiveCfg = Debug|Win32
		{574AFFAD-8D0F-48CB-BEEB-90B0B17EC208}.Debug|x86.ActiveCfg = Debug|Win32
		{574AFFAD-8D0F-48CB-BEEB-90B0B17EC208}.Debug|x86.Build.0 = Debug|Win32
		{574AFFAD-8D0F-48CB-BEEB-90B0B17EC208}.Release|x64.ActiveCfg = Release|Win32
		{574AFFAD-8D0F-48CB-BEEB-90B0B17EC208}.Release|x86.ActiveCfg = Release|Win32
		{574AFFAD-8D0F-48CB-BEEB-90B0B17EC208}.Release|x86.Build.0 = Release|Win32
		{E0084B6A-7DFF-476A-80C5-6493A43A41A3}.Debug|x64.ActiveCfg = Debug|Win32
		{E0084B6A-7DFF-476A-80C5-6493A43A41A3}.Debug|x86.ActiveCfg = Debug|Win32
		{E0084B6A-7DFF-476A-80C5-6493A43A41A3}.Debug|x86.Build.0 = Debug|Win32
		{E0084B6A-7DFF-476A-80C5-6493A43A41A3}.Release|x64.ActiveCfg = Release|Win32
		{E0084B6A-7DFF-476A-80C5-6493A43A41A3}.Release|x86.ActiveCfg = Release|Win32
		{E0084B6A-7DFF-476A-80C5-6493A43A41A3}.Release|x86.Build.0 = Release|Win32
	EndGlobalSection
	GlobalSection(SolutionProperties) = preSolution
		HideSolutionNode = FALSE
	EndGlobalSection
EndGlobal
