
Microsoft Visual Studio Solution File, Format Version 12.00
# Visual Studio 14
VisualStudioVersion = 14.0.23107.0
MinimumVisualStudioVersion = 10.0.40219.1
Project("{8BC9CEB8-8B4A-11D0-8D11-00A0C91BC942}") = "ic", "ic\ic.vcxproj", "{BD20100F-A1AA-4DA5-AF29-4086B92AADB7}"
	ProjectSection(ProjectDependencies) = postProject
		{574AFFAD-8D0F-48CB-BEEB-90B0B17EC208} = {574AFFAD-8D0F-48CB-BEEB-90B0B17EC208}
		{670FA1F3-B4C9-4C93-AA5B-17895A56CC77} = {670FA1F3-B4C9-4C93-AA5B-17895A56CC77}
	EndProjectSection
EndProject
Project("{8BC9CEB8-8B4A-11D0-8D11-00A0C91BC942}") = "lua5", "..\lua5\lua5.vcxproj", "{670FA1F3-B4C9-4C93-AA5B-17895A56CC77}"
EndProject
Project("{8BC9CEB8-8B4A-11D0-8D11-00A0C91BC942}") = "sqlite3", "..\sqlite3\sqlite3.vcxproj", "{574AFFAD-8D0F-48CB-BEEB-90B0B17EC208}"
EndProject
Global
	GlobalSection(SolutionConfigurationPlatforms) = preSolution
		Debug|x64 = Debug|x64
		Debug|x86 = Debug|x86
		Release|x64 = Release|x64
		Release|x86 = Release|x86
	EndGlobalSection
	GlobalSection(ProjectConfigurationPlatforms) = postSolution
		{BD20100F-A1AA-4DA5-AF29-4086B92AADB7}.Debug|x64.ActiveCfg = Debug|x64
		{BD20100F-A1AA-4DA5-AF29-4086B92AADB7}.Debug|x64.Build.0 = Debug|x64
		{BD20100F-A1AA-4DA5-AF29-4086B92AADB7}.Debug|x86.ActiveCfg = Debug|Win32
		{BD20100F-A1AA-4DA5-AF29-4086B92AADB7}.Debug|x86.Build.0 = Debug|Win32
		{BD20100F-A1AA-4DA5-AF29-4086B92AADB7}.Release|x64.ActiveCfg = Release|x64
		{BD20100F-A1AA-4DA5-AF29-4086B92AADB7}.Release|x64.Build.0 = Release|x64
		{BD20100F-A1AA-4DA5-AF29-4086B92AADB7}.Release|x86.ActiveCfg = Release|Win32
		{BD20100F-A1AA-4DA5-AF29-4086B92AADB7}.Release|x86.Build.0 = Release|Win32
		{670FA1F3-B4C9-4C93-AA5B-17895A56CC77}.Debug|x64.ActiveCfg = Debug|Win32
		{670FA1F3-B4C9-4C93-AA5B-17895A56CC77}.Debug|x86.ActiveCfg = Debug|Win32
		{670FA1F3-B4C9-4C93-AA5B-17895A56CC77}.Debug|x86.Build.0 = Debug|Win32
		{670FA1F3-B4C9-4C93-AA5B-17895A56CC77}.Release|x64.ActiveCfg = Release|Win32
		{670FA1F3-B4C9-4C93-AA5B-17895A56CC77}.Release|x86.ActiveCfg = Release|Win32
		{670FA1F3-B4C9-4C93-AA5B-17895A56CC77}.Release|x86.Build.0 = Release|Win32
		{574AFFAD-8D0F-48CB-BEEB-90B0B17EC208}.Debug|x64.ActiveCfg = Debug|Win32
		{574AFFAD-8D0F-48CB-BEEB-90B0B17EC208}.Debug|x86.ActiveCfg = Debug|Win32
		{574AFFAD-8D0F-48CB-BEEB-90B0B17EC208}.Debug|x86.Build.0 = Debug|Win32
		{574AFFAD-8D0F-48CB-BEEB-90B0B17EC208}.Release|x64.ActiveCfg = Release|Win32
		{574AFFAD-8D0F-48CB-BEEB-90B0B17EC208}.Release|x86.ActiveCfg = Release|Win32
		{574AFFAD-8D0F-48CB-BEEB-90B0B17EC208}.Release|x86.Build.0 = Release|Win32
	EndGlobalSection
	GlobalSection(SolutionProperties) = preSolution
		HideSolutionNode = FALSE
	EndGlobalSection
EndGlobal
